{
 "graph_lock": {
  "nodes": {
   "0": {
    "ref": "importer/None",
    "options": "libvpx:fPIC=True\nlibvpx:shared=False",
    "requires": [
     "1"
    ],
    "path": "conanfile.py",
    "context": "host"
   },
   "1": {
    "ref": "libvpx/1.10.0@devolutions/stable#0263aa60c93ed0b1b61fc13f89d3f50f",
    "options": "fPIC=True\nshared=False",
    "package_id": "6442e490640e19db889480ba85e496a5dd2280a8",
    "prev": "40cf32896e88988865ea78a87243b792",
    "python_requires": [
     "shared/1.0.0@devolutions/stable#2031709bc7967d6768fb3539497be255"
    ],
    "context": "host"
   }
  },
  "revisions_enabled": true
 },
 "version": "0.4",
 "profile_host": "[settings]\narch=x86_64\narch_build=x86_64\nbuild_type=Release\ncompiler=clang\ncompiler.runtime=MT\ncompiler.version=12\ndistro=None\nos=Windows\nos_build=Windows\n[options]\n[build_requires]\n[env]\n"
}