
Microsoft Visual Studio Solution File, Format Version 12.00
# Visual Studio Version 17
VisualStudioVersion = 17.4.33205.214
MinimumVisualStudioVersion = 10.0.40219.1
Project("{9A19103F-16F7-4668-BE54-9A1E7A4F7556}") = "Devolutions.Cadeau", "Devolutions.Cadeau\Devolutions.Cadeau.csproj", "{7B2E4802-98F5-4E64-B815-F41337C39093}"
EndProject
Project("{9A19103F-16F7-4668-BE54-9A1E7A4F7556}") = "Devolutions.Cadeau.Test", "Devolutions.Cadeau.Test\Devolutions.Cadeau.Test.csproj", "{3464182D-1712-4D13-99F1-3D31281AB603}"
EndProject
Global
	GlobalSection(SolutionConfigurationPlatforms) = preSolution
		Debug|Any CPU = Debug|Any CPU
		Release|Any CPU = Release|Any CPU
	EndGlobalSection
	GlobalSection(ProjectConfigurationPlatforms) = postSolution
		{7B2E4802-98F5-4E64-B815-F41337C39093}.Debug|Any CPU.ActiveCfg = Debug|Any CPU
		{7B2E4802-98F5-4E64-B815-F41337C39093}.Debug|Any CPU.Build.0 = Debug|Any CPU
		{7B2E4802-98F5-4E64-B815-F41337C39093}.Release|Any CPU.ActiveCfg = Release|Any CPU
		{7B2E4802-98F5-4E64-B815-F41337C39093}.Release|Any CPU.Build.0 = Release|Any CPU
		{3464182D-1712-4D13-99F1-3D31281AB603}.Debug|Any CPU.ActiveCfg = Debug|Any CPU
		{3464182D-1712-4D13-99F1-3D31281AB603}.Debug|Any CPU.Build.0 = Debug|Any CPU
		{3464182D-1712-4D13-99F1-3D31281AB603}.Release|Any CPU.ActiveCfg = Release|Any CPU
		{3464182D-1712-4D13-99F1-3D31281AB603}.Release|Any CPU.Build.0 = Release|Any CPU
	EndGlobalSection
	GlobalSection(SolutionProperties) = preSolution
		HideSolutionNode = FALSE
	EndGlobalSection
	GlobalSection(ExtensibilityGlobals) = postSolution
		SolutionGuid = {DC6BE6E3-166A-4949-9D7E-3FD4FB99AF15}
	EndGlobalSection
EndGlobal
